// !$*UTF8*$!
{
	archiveVersion = 1;
	classes = {
	};
	objectVersion = 56;
	objects = {

/* Begin PBXBuildFile section */
		3C877DBB2C077CAF001B80B0 /* SurveyView.swift in Sources */ = {isa = PBXBuildFile; fileRef = 3C877DB92C077CAF001B80B0 /* SurveyView.swift */; };
		3C877DBC2C077CAF001B80B0 /* SurveyReducer.swift in Sources */ = {isa = PBXBuildFile; fileRef = 3C877DBA2C077CAF001B80B0 /* SurveyReducer.swift */; };
		3C877DBF2C077D04001B80B0 /* ComposableArchitecture in Frameworks */ = {isa = PBXBuildFile; productRef = 3C877DBE2C077D04001B80B0 /* ComposableArchitecture */; };
		3CA54D782C08B68A00E2503F /* GMSNewtorkLayer in Frameworks */ = {isa = PBXBuildFile; productRef = 3CA54D772C08B68A00E2503F /* GMSNewtorkLayer */; };
		3CD8CC362C07A074004F7447 /* ST_SurveyView.swift in Sources */ = {isa = PBXBuildFile; fileRef = 3CD8CC352C07A074004F7447 /* ST_SurveyView.swift */; };
		3CD8D6A42C07209A0092D373 /* SurveyAppApp.swift in Sources */ = {isa = PBXBuildFile; fileRef = 3CD8D6A32C07209A0092D373 /* SurveyAppApp.swift */; };
		3CD8D6A62C07209A0092D373 /* ContentView.swift in Sources */ = {isa = PBXBuildFile; fileRef = 3CD8D6A52C07209A0092D373 /* ContentView.swift */; };
		3CD8D6A82C07209B0092D373 /* Assets.xcassets in Resources */ = {isa = PBXBuildFile; fileRef = 3CD8D6A72C07209B0092D373 /* Assets.xcassets */; };
		3CD8D6AB2C07209B0092D373 /* Preview Assets.xcassets in Resources */ = {isa = PBXBuildFile; fileRef = 3CD8D6AA2C07209B0092D373 /* Preview Assets.xcassets */; };
		3CD8D6CF2C0735230092D373 /* PreviewSnapshots in Frameworks */ = {isa = PBXBuildFile; productRef = 3CD8D6CE2C0735230092D373 /* PreviewSnapshots */; };
		3CD8D6D12C0735230092D373 /* PreviewSnapshotsTesting in Frameworks */ = {isa = PBXBuildFile; productRef = 3CD8D6D02C0735230092D373 /* PreviewSnapshotsTesting */; };
		3CD8D6D72C0738600092D373 /* Localizable.strings in Resources */ = {isa = PBXBuildFile; fileRef = 3CD8D6D52C0738600092D373 /* Localizable.strings */; };
		3CD8D6DB2C0738D70092D373 /* assets-images.swift in Sources */ = {isa = PBXBuildFile; fileRef = 3CD8D6D82C0738D70092D373 /* assets-images.swift */; };
		3CD8D6DC2C0738D70092D373 /* Strings.swift in Sources */ = {isa = PBXBuildFile; fileRef = 3CD8D6D92C0738D70092D373 /* Strings.swift */; };
		3CD8D6DE2C073AF40092D373 /* ST_ContentView.swift in Sources */ = {isa = PBXBuildFile; fileRef = 3CD8D6DD2C073AF40092D373 /* ST_ContentView.swift */; };
		3CD8D6E22C073B2A0092D373 /* Quick in Frameworks */ = {isa = PBXBuildFile; productRef = 3CD8D6E12C073B2A0092D373 /* Quick */; };
		3CD8D6E42C0762ED0092D373 /* PreviewConfiguration.swift in Sources */ = {isa = PBXBuildFile; fileRef = 3CD8D6E32C0762ED0092D373 /* PreviewConfiguration.swift */; };
		3CDA07CE2C086753009F333A /* QuestionDataModel.swift in Sources */ = {isa = PBXBuildFile; fileRef = 3CDA07CD2C086753009F333A /* QuestionDataModel.swift */; };
		3CDA07D22C0867A3009F333A /* Question.swift in Sources */ = {isa = PBXBuildFile; fileRef = 3CDA07D12C0867A3009F333A /* Question.swift */; };
		3CDA07D82C086990009F333A /* GetQuestionsEndpoint.swift in Sources */ = {isa = PBXBuildFile; fileRef = 3CDA07D72C086990009F333A /* GetQuestionsEndpoint.swift */; };
		3CDA07DA2C086A4E009F333A /* SubmitAnswerEndpoint.swift in Sources */ = {isa = PBXBuildFile; fileRef = 3CDA07D92C086A4E009F333A /* SubmitAnswerEndpoint.swift */; };
		3CDA07DC2C086AB7009F333A /* AnswerDataModel.swift in Sources */ = {isa = PBXBuildFile; fileRef = 3CDA07DB2C086AB7009F333A /* AnswerDataModel.swift */; };
		3CDA07DF2C086B44009F333A /* Encodable+JSON.swift in Sources */ = {isa = PBXBuildFile; fileRef = 3CDA07DE2C086B44009F333A /* Encodable+JSON.swift */; };
		3CDA07E22C086FEA009F333A /* GetQuestionsDataSource.swift in Sources */ = {isa = PBXBuildFile; fileRef = 3CDA07E12C086FEA009F333A /* GetQuestionsDataSource.swift */; };
		3CDA07E52C087337009F333A /* GetQuestions.swift in Sources */ = {isa = PBXBuildFile; fileRef = 3CDA07E42C087337009F333A /* GetQuestions.swift */; };
		3CDA07E72C08767D009F333A /* SubmitAnswerDataSource.swift in Sources */ = {isa = PBXBuildFile; fileRef = 3CDA07E62C08767D009F333A /* SubmitAnswerDataSource.swift */; };
		3CDA07E92C087780009F333A /* SubmitAnswer.swift in Sources */ = {isa = PBXBuildFile; fileRef = 3CDA07E82C087780009F333A /* SubmitAnswer.swift */; };
		3CDA07EF2C0880C0009F333A /* GMSNewtorkLayer in Frameworks */ = {isa = PBXBuildFile; productRef = 3CDA07EE2C0880C0009F333A /* GMSNewtorkLayer */; };
		3CDA07F12C088CD0009F333A /* BannerView.swift in Sources */ = {isa = PBXBuildFile; fileRef = 3CDA07F02C088CD0009F333A /* BannerView.swift */; };
		3CDF631A2C08BA6B00EC44EE /* SurveyReducerSpec.swift in Sources */ = {isa = PBXBuildFile; fileRef = 3CDF63192C08BA6B00EC44EE /* SurveyReducerSpec.swift */; };
		3CDF631D2C08BA8D00EC44EE /* Nimble in Frameworks */ = {isa = PBXBuildFile; productRef = 3CDF631C2C08BA8D00EC44EE /* Nimble */; };
		3CDF63202C08D69C00EC44EE /* SurveyView_SnapshotPreview.swift in Sources */ = {isa = PBXBuildFile; fileRef = 3CDF631F2C08D69C00EC44EE /* SurveyView_SnapshotPreview.swift */; };
/* End PBXBuildFile section */

/* Begin PBXContainerItemProxy section */
		3CD8D6B12C07209C0092D373 /* PBXContainerItemProxy */ = {
			isa = PBXContainerItemProxy;
			containerPortal = 3CD8D6982C07209A0092D373 /* Project object */;
			proxyType = 1;
			remoteGlobalIDString = 3CD8D69F2C07209A0092D373;
			remoteInfo = SurveyApp;
		};
/* End PBXContainerItemProxy section */

/* Begin PBXFileReference section */
		3C877DB92C077CAF001B80B0 /* SurveyView.swift */ = {isa = PBXFileReference; fileEncoding = 4; lastKnownFileType = sourcecode.swift; path = SurveyView.swift; sourceTree = "<group>"; };
		3C877DBA2C077CAF001B80B0 /* SurveyReducer.swift */ = {isa = PBXFileReference; fileEncoding = 4; lastKnownFileType = sourcecode.swift; path = SurveyReducer.swift; sourceTree = "<group>"; };
		3CD8CC352C07A074004F7447 /* ST_SurveyView.swift */ = {isa = PBXFileReference; lastKnownFileType = sourcecode.swift; path = ST_SurveyView.swift; sourceTree = "<group>"; };
		3CD8D6A02C07209A0092D373 /* SurveyApp.app */ = {isa = PBXFileReference; explicitFileType = wrapper.application; includeInIndex = 0; path = SurveyApp.app; sourceTree = BUILT_PRODUCTS_DIR; };
		3CD8D6A32C07209A0092D373 /* SurveyAppApp.swift */ = {isa = PBXFileReference; lastKnownFileType = sourcecode.swift; path = SurveyAppApp.swift; sourceTree = "<group>"; };
		3CD8D6A52C07209A0092D373 /* ContentView.swift */ = {isa = PBXFileReference; lastKnownFileType = sourcecode.swift; path = ContentView.swift; sourceTree = "<group>"; };
		3CD8D6A72C07209B0092D373 /* Assets.xcassets */ = {isa = PBXFileReference; lastKnownFileType = folder.assetcatalog; path = Assets.xcassets; sourceTree = "<group>"; };
		3CD8D6AA2C07209B0092D373 /* Preview Assets.xcassets */ = {isa = PBXFileReference; lastKnownFileType = folder.assetcatalog; path = "Preview Assets.xcassets"; sourceTree = "<group>"; };
		3CD8D6B02C07209C0092D373 /* SurveyAppTests.xctest */ = {isa = PBXFileReference; explicitFileType = wrapper.cfbundle; includeInIndex = 0; path = SurveyAppTests.xctest; sourceTree = BUILT_PRODUCTS_DIR; };
		3CD8D6D62C0738600092D373 /* en */ = {isa = PBXFileReference; lastKnownFileType = text.plist.strings; name = en; path = en.lproj/Localizable.strings; sourceTree = "<group>"; };
		3CD8D6D82C0738D70092D373 /* assets-images.swift */ = {isa = PBXFileReference; fileEncoding = 4; lastKnownFileType = sourcecode.swift; path = "assets-images.swift"; sourceTree = "<group>"; };
		3CD8D6D92C0738D70092D373 /* Strings.swift */ = {isa = PBXFileReference; fileEncoding = 4; lastKnownFileType = sourcecode.swift; path = Strings.swift; sourceTree = "<group>"; };
		3CD8D6DD2C073AF40092D373 /* ST_ContentView.swift */ = {isa = PBXFileReference; lastKnownFileType = sourcecode.swift; path = ST_ContentView.swift; sourceTree = "<group>"; };
		3CD8D6E32C0762ED0092D373 /* PreviewConfiguration.swift */ = {isa = PBXFileReference; lastKnownFileType = sourcecode.swift; path = PreviewConfiguration.swift; sourceTree = "<group>"; };
		3CDA07CD2C086753009F333A /* QuestionDataModel.swift */ = {isa = PBXFileReference; lastKnownFileType = sourcecode.swift; path = QuestionDataModel.swift; sourceTree = "<group>"; };
		3CDA07D12C0867A3009F333A /* Question.swift */ = {isa = PBXFileReference; lastKnownFileType = sourcecode.swift; path = Question.swift; sourceTree = "<group>"; };
		3CDA07D72C086990009F333A /* GetQuestionsEndpoint.swift */ = {isa = PBXFileReference; lastKnownFileType = sourcecode.swift; path = GetQuestionsEndpoint.swift; sourceTree = "<group>"; };
		3CDA07D92C086A4E009F333A /* SubmitAnswerEndpoint.swift */ = {isa = PBXFileReference; lastKnownFileType = sourcecode.swift; path = SubmitAnswerEndpoint.swift; sourceTree = "<group>"; };
		3CDA07DB2C086AB7009F333A /* AnswerDataModel.swift */ = {isa = PBXFileReference; lastKnownFileType = sourcecode.swift; path = AnswerDataModel.swift; sourceTree = "<group>"; };
		3CDA07DE2C086B44009F333A /* Encodable+JSON.swift */ = {isa = PBXFileReference; lastKnownFileType = sourcecode.swift; path = "Encodable+JSON.swift"; sourceTree = "<group>"; };
		3CDA07E12C086FEA009F333A /* GetQuestionsDataSource.swift */ = {isa = PBXFileReference; lastKnownFileType = sourcecode.swift; path = GetQuestionsDataSource.swift; sourceTree = "<group>"; };
		3CDA07E42C087337009F333A /* GetQuestions.swift */ = {isa = PBXFileReference; lastKnownFileType = sourcecode.swift; path = GetQuestions.swift; sourceTree = "<group>"; };
		3CDA07E62C08767D009F333A /* SubmitAnswerDataSource.swift */ = {isa = PBXFileReference; lastKnownFileType = sourcecode.swift; path = SubmitAnswerDataSource.swift; sourceTree = "<group>"; };
		3CDA07E82C087780009F333A /* SubmitAnswer.swift */ = {isa = PBXFileReference; lastKnownFileType = sourcecode.swift; path = SubmitAnswer.swift; sourceTree = "<group>"; };
		3CDA07F02C088CD0009F333A /* BannerView.swift */ = {isa = PBXFileReference; lastKnownFileType = sourcecode.swift; path = BannerView.swift; sourceTree = "<group>"; };
		3CDF63192C08BA6B00EC44EE /* SurveyReducerSpec.swift */ = {isa = PBXFileReference; lastKnownFileType = sourcecode.swift; path = SurveyReducerSpec.swift; sourceTree = "<group>"; };
		3CDF631F2C08D69C00EC44EE /* SurveyView_SnapshotPreview.swift */ = {isa = PBXFileReference; lastKnownFileType = sourcecode.swift; path = SurveyView_SnapshotPreview.swift; sourceTree = "<group>"; };
/* End PBXFileReference section */

/* Begin PBXFrameworksBuildPhase section */
		3CD8D69D2C07209A0092D373 /* Frameworks */ = {
			isa = PBXFrameworksBuildPhase;
			buildActionMask = 2147483647;
			files = (
				3C877DBF2C077D04001B80B0 /* ComposableArchitecture in Frameworks */,
				3CA54D782C08B68A00E2503F /* GMSNewtorkLayer in Frameworks */,
				3CDA07EF2C0880C0009F333A /* GMSNewtorkLayer in Frameworks */,
				3CD8D6CF2C0735230092D373 /* PreviewSnapshots in Frameworks */,
			);
			runOnlyForDeploymentPostprocessing = 0;
		};
		3CD8D6AD2C07209C0092D373 /* Frameworks */ = {
			isa = PBXFrameworksBuildPhase;
			buildActionMask = 2147483647;
			files = (
				3CDF631D2C08BA8D00EC44EE /* Nimble in Frameworks */,
				3CD8D6E22C073B2A0092D373 /* Quick in Frameworks */,
				3CD8D6D12C0735230092D373 /* PreviewSnapshotsTesting in Frameworks */,
			);
			runOnlyForDeploymentPostprocessing = 0;
		};
/* End PBXFrameworksBuildPhase section */

/* Begin PBXGroup section */
		3C877DB72C077C2B001B80B0 /* Scenes */ = {
			isa = PBXGroup;
			children = (
				3CF30ACB2C077D9400F5F91D /* Welcome */,
				3C877DB82C077CAF001B80B0 /* Survey */,
			);
			path = Scenes;
			sourceTree = "<group>";
		};
		3C877DB82C077CAF001B80B0 /* Survey */ = {
			isa = PBXGroup;
			children = (
				3CDF631E2C08D66F00EC44EE /* SnapshotPreview */,
				3C877DB92C077CAF001B80B0 /* SurveyView.swift */,
				3C877DBA2C077CAF001B80B0 /* SurveyReducer.swift */,
				3CDA07F02C088CD0009F333A /* BannerView.swift */,
			);
			path = Survey;
			sourceTree = "<group>";
		};
		3CD8D6972C07209A0092D373 = {
			isa = PBXGroup;
			children = (
				3CD8D6A22C07209A0092D373 /* SurveyApp */,
				3CD8D6B32C07209C0092D373 /* SurveyAppTests */,
				3CD8D6A12C07209A0092D373 /* Products */,
			);
			sourceTree = "<group>";
		};
		3CD8D6A12C07209A0092D373 /* Products */ = {
			isa = PBXGroup;
			children = (
				3CD8D6A02C07209A0092D373 /* SurveyApp.app */,
				3CD8D6B02C07209C0092D373 /* SurveyAppTests.xctest */,
			);
			name = Products;
			sourceTree = "<group>";
		};
		3CD8D6A22C07209A0092D373 /* SurveyApp */ = {
			isa = PBXGroup;
			children = (
				3C877DB72C077C2B001B80B0 /* Scenes */,
				3CDA07D02C08678B009F333A /* Domain */,
				3CDA07C82C086701009F333A /* Data */,
				3CDA07DD2C086B29009F333A /* Helpers */,
				3CD8D6D22C0737B20092D373 /* Resources */,
				3CD8D6A92C07209B0092D373 /* Preview Content */,
				3CD8D6A32C07209A0092D373 /* SurveyAppApp.swift */,
				3CD8D6E32C0762ED0092D373 /* PreviewConfiguration.swift */,
			);
			path = SurveyApp;
			sourceTree = "<group>";
		};
		3CD8D6A92C07209B0092D373 /* Preview Content */ = {
			isa = PBXGroup;
			children = (
				3CD8D6AA2C07209B0092D373 /* Preview Assets.xcassets */,
			);
			path = "Preview Content";
			sourceTree = "<group>";
		};
		3CD8D6B32C07209C0092D373 /* SurveyAppTests */ = {
			isa = PBXGroup;
			children = (
				3CD8D6DD2C073AF40092D373 /* ST_ContentView.swift */,
				3CD8CC352C07A074004F7447 /* ST_SurveyView.swift */,
				3CDF63192C08BA6B00EC44EE /* SurveyReducerSpec.swift */,
			);
			path = SurveyAppTests;
			sourceTree = "<group>";
		};
		3CD8D6D22C0737B20092D373 /* Resources */ = {
			isa = PBXGroup;
			children = (
				3CD8D6DA2C0738D70092D373 /* Generated */,
				3CD8D6A72C07209B0092D373 /* Assets.xcassets */,
				3CD8D6D52C0738600092D373 /* Localizable.strings */,
			);
			path = Resources;
			sourceTree = "<group>";
		};
		3CD8D6DA2C0738D70092D373 /* Generated */ = {
			isa = PBXGroup;
			children = (
				3CD8D6D82C0738D70092D373 /* assets-images.swift */,
				3CD8D6D92C0738D70092D373 /* Strings.swift */,
			);
			path = Generated;
			sourceTree = "<group>";
		};
		3CDA07C82C086701009F333A /* Data */ = {
			isa = PBXGroup;
			children = (
				3CDA07E02C086FD9009F333A /* DataSources */,
				3CDA07D62C086981009F333A /* Enpoints */,
				3CDA07CF2C086757009F333A /* DataModel */,
			);
			path = Data;
			sourceTree = "<group>";
		};
		3CDA07CF2C086757009F333A /* DataModel */ = {
			isa = PBXGroup;
			children = (
				3CDA07CD2C086753009F333A /* QuestionDataModel.swift */,
				3CDA07DB2C086AB7009F333A /* AnswerDataModel.swift */,
			);
			path = DataModel;
			sourceTree = "<group>";
		};
		3CDA07D02C08678B009F333A /* Domain */ = {
			isa = PBXGroup;
			children = (
				3CDA07D12C0867A3009F333A /* Question.swift */,
				3CDA07E32C08732B009F333A /* UseCases */,
			);
			path = Domain;
			sourceTree = "<group>";
		};
		3CDA07D62C086981009F333A /* Enpoints */ = {
			isa = PBXGroup;
			children = (
				3CDA07D72C086990009F333A /* GetQuestionsEndpoint.swift */,
				3CDA07D92C086A4E009F333A /* SubmitAnswerEndpoint.swift */,
			);
			path = Enpoints;
			sourceTree = "<group>";
		};
		3CDA07DD2C086B29009F333A /* Helpers */ = {
			isa = PBXGroup;
			children = (
				3CDA07DE2C086B44009F333A /* Encodable+JSON.swift */,
			);
			path = Helpers;
			sourceTree = "<group>";
		};
		3CDA07E02C086FD9009F333A /* DataSources */ = {
			isa = PBXGroup;
			children = (
				3CDA07E12C086FEA009F333A /* GetQuestionsDataSource.swift */,
				3CDA07E62C08767D009F333A /* SubmitAnswerDataSource.swift */,
			);
			path = DataSources;
			sourceTree = "<group>";
		};
		3CDA07E32C08732B009F333A /* UseCases */ = {
			isa = PBXGroup;
			children = (
				3CDA07E42C087337009F333A /* GetQuestions.swift */,
				3CDA07E82C087780009F333A /* SubmitAnswer.swift */,
			);
			path = UseCases;
			sourceTree = "<group>";
		};
		3CDF631E2C08D66F00EC44EE /* SnapshotPreview */ = {
			isa = PBXGroup;
			children = (
				3CDF631F2C08D69C00EC44EE /* SurveyView_SnapshotPreview.swift */,
			);
			path = SnapshotPreview;
			sourceTree = "<group>";
		};
		3CF30ACB2C077D9400F5F91D /* Welcome */ = {
			isa = PBXGroup;
			children = (
				3CD8D6A52C07209A0092D373 /* ContentView.swift */,
			);
			path = Welcome;
			sourceTree = "<group>";
		};
/* End PBXGroup section */

/* Begin PBXNativeTarget section */
		3CD8D69F2C07209A0092D373 /* SurveyApp */ = {
			isa = PBXNativeTarget;
			buildConfigurationList = 3CD8D6C42C07209C0092D373 /* Build configuration list for PBXNativeTarget "SurveyApp" */;
			buildPhases = (
				3CD8D69C2C07209A0092D373 /* Sources */,
				3CD8D69D2C07209A0092D373 /* Frameworks */,
				3CD8D69E2C07209A0092D373 /* Resources */,
			);
			buildRules = (
			);
			dependencies = (
			);
			name = SurveyApp;
			packageProductDependencies = (
				3CD8D6CE2C0735230092D373 /* PreviewSnapshots */,
				3C877DBE2C077D04001B80B0 /* ComposableArchitecture */,
				3CDA07EE2C0880C0009F333A /* GMSNewtorkLayer */,
				3CA54D772C08B68A00E2503F /* GMSNewtorkLayer */,
			);
			productName = SurveyApp;
			productReference = 3CD8D6A02C07209A0092D373 /* SurveyApp.app */;
			productType = "com.apple.product-type.application";
		};
		3CD8D6AF2C07209C0092D373 /* SurveyAppTests */ = {
			isa = PBXNativeTarget;
			buildConfigurationList = 3CD8D6C72C07209C0092D373 /* Build configuration list for PBXNativeTarget "SurveyAppTests" */;
			buildPhases = (
				3CD8D6AC2C07209C0092D373 /* Sources */,
				3CD8D6AD2C07209C0092D373 /* Frameworks */,
				3CD8D6AE2C07209C0092D373 /* Resources */,
			);
			buildRules = (
			);
			dependencies = (
				3CD8D6B22C07209C0092D373 /* PBXTargetDependency */,
			);
			name = SurveyAppTests;
			packageProductDependencies = (
				3CD8D6D02C0735230092D373 /* PreviewSnapshotsTesting */,
				3CD8D6E12C073B2A0092D373 /* Quick */,
				3CDF631C2C08BA8D00EC44EE /* Nimble */,
			);
			productName = SurveyAppTests;
			productReference = 3CD8D6B02C07209C0092D373 /* SurveyAppTests.xctest */;
			productType = "com.apple.product-type.bundle.unit-test";
		};
/* End PBXNativeTarget section */

/* Begin PBXProject section */
		3CD8D6982C07209A0092D373 /* Project object */ = {
			isa = PBXProject;
			attributes = {
				BuildIndependentTargetsInParallel = 1;
				LastSwiftUpdateCheck = 1530;
				LastUpgradeCheck = 1530;
				TargetAttributes = {
					3CD8D69F2C07209A0092D373 = {
						CreatedOnToolsVersion = 15.3;
					};
					3CD8D6AF2C07209C0092D373 = {
						CreatedOnToolsVersion = 15.3;
						TestTargetID = 3CD8D69F2C07209A0092D373;
					};
				};
			};
			buildConfigurationList = 3CD8D69B2C07209A0092D373 /* Build configuration list for PBXProject "SurveyApp" */;
			compatibilityVersion = "Xcode 14.0";
			developmentRegion = en;
			hasScannedForEncodings = 0;
			knownRegions = (
				en,
				Base,
			);
			mainGroup = 3CD8D6972C07209A0092D373;
			packageReferences = (
				3CD8D6CD2C0735230092D373 /* XCRemoteSwiftPackageReference "swiftui-preview-snapshots" */,
				3CD8D6E02C073B2A0092D373 /* XCRemoteSwiftPackageReference "Quick" */,
				3C877DBD2C077D04001B80B0 /* XCRemoteSwiftPackageReference "swift-composable-architecture" */,
				3CA54D762C08B68A00E2503F /* XCRemoteSwiftPackageReference "GMSNetworkLayer" */,
				3CDF631B2C08BA8D00EC44EE /* XCRemoteSwiftPackageReference "Nimble" */,
			);
			productRefGroup = 3CD8D6A12C07209A0092D373 /* Products */;
			projectDirPath = "";
			projectRoot = "";
			targets = (
				3CD8D69F2C07209A0092D373 /* SurveyApp */,
				3CD8D6AF2C07209C0092D373 /* SurveyAppTests */,
			);
		};
/* End PBXProject section */

/* Begin PBXResourcesBuildPhase section */
		3CD8D69E2C07209A0092D373 /* Resources */ = {
			isa = PBXResourcesBuildPhase;
			buildActionMask = 2147483647;
			files = (
				3CD8D6AB2C07209B0092D373 /* Preview Assets.xcassets in Resources */,
				3CD8D6D72C0738600092D373 /* Localizable.strings in Resources */,
				3CD8D6A82C07209B0092D373 /* Assets.xcassets in Resources */,
			);
			runOnlyForDeploymentPostprocessing = 0;
		};
		3CD8D6AE2C07209C0092D373 /* Resources */ = {
			isa = PBXResourcesBuildPhase;
			buildActionMask = 2147483647;
			files = (
			);
			runOnlyForDeploymentPostprocessing = 0;
		};
/* End PBXResourcesBuildPhase section */

/* Begin PBXSourcesBuildPhase section */
		3CD8D69C2C07209A0092D373 /* Sources */ = {
			isa = PBXSourcesBuildPhase;
			buildActionMask = 2147483647;
			files = (
				3CDA07DA2C086A4E009F333A /* SubmitAnswerEndpoint.swift in Sources */,
				3CD8D6E42C0762ED0092D373 /* PreviewConfiguration.swift in Sources */,
				3CD8D6DB2C0738D70092D373 /* assets-images.swift in Sources */,
				3C877DBB2C077CAF001B80B0 /* SurveyView.swift in Sources */,
				3CDA07D82C086990009F333A /* GetQuestionsEndpoint.swift in Sources */,
				3CDA07E22C086FEA009F333A /* GetQuestionsDataSource.swift in Sources */,
				3CDA07DF2C086B44009F333A /* Encodable+JSON.swift in Sources */,
				3CDA07D22C0867A3009F333A /* Question.swift in Sources */,
				3CD8D6A62C07209A0092D373 /* ContentView.swift in Sources */,
				3CDA07E72C08767D009F333A /* SubmitAnswerDataSource.swift in Sources */,
				3CDA07DC2C086AB7009F333A /* AnswerDataModel.swift in Sources */,
				3CDA07E92C087780009F333A /* SubmitAnswer.swift in Sources */,
				3CD8D6DC2C0738D70092D373 /* Strings.swift in Sources */,
				3CDA07CE2C086753009F333A /* QuestionDataModel.swift in Sources */,
				3CDA07F12C088CD0009F333A /* BannerView.swift in Sources */,
				3CDF63202C08D69C00EC44EE /* SurveyView_SnapshotPreview.swift in Sources */,
				3CDA07E52C087337009F333A /* GetQuestions.swift in Sources */,
				3CD8D6A42C07209A0092D373 /* SurveyAppApp.swift in Sources */,
				3C877DBC2C077CAF001B80B0 /* SurveyReducer.swift in Sources */,
			);
			runOnlyForDeploymentPostprocessing = 0;
		};
		3CD8D6AC2C07209C0092D373 /* Sources */ = {
			isa = PBXSourcesBuildPhase;
			buildActionMask = 2147483647;
			files = (
				3CD8D6DE2C073AF40092D373 /* ST_ContentView.swift in Sources */,
				3CD8CC362C07A074004F7447 /* ST_SurveyView.swift in Sources */,
				3CDF631A2C08BA6B00EC44EE /* SurveyReducerSpec.swift in Sources */,
			);
			runOnlyForDeploymentPostprocessing = 0;
		};
/* End PBXSourcesBuildPhase section */

/* Begin PBXTargetDependency section */
		3CD8D6B22C07209C0092D373 /* PBXTargetDependency */ = {
			isa = PBXTargetDependency;
			target = 3CD8D69F2C07209A0092D373 /* SurveyApp */;
			targetProxy = 3CD8D6B12C07209C0092D373 /* PBXContainerItemProxy */;
		};
/* End PBXTargetDependency section */

/* Begin PBXVariantGroup section */
		3CD8D6D52C0738600092D373 /* Localizable.strings */ = {
			isa = PBXVariantGroup;
			children = (
				3CD8D6D62C0738600092D373 /* en */,
			);
			name = Localizable.strings;
			sourceTree = "<group>";
		};
/* End PBXVariantGroup section */

/* Begin XCBuildConfiguration section */
		3CD8D6C22C07209C0092D373 /* Debug */ = {
			isa = XCBuildConfiguration;
			buildSettings = {
				ALWAYS_SEARCH_USER_PATHS = NO;
				ASSETCATALOG_COMPILER_GENERATE_SWIFT_ASSET_SYMBOL_EXTENSIONS = YES;
				CLANG_ANALYZER_NONNULL = YES;
				CLANG_ANALYZER_NUMBER_OBJECT_CONVERSION = YES_AGGRESSIVE;
				CLANG_CXX_LANGUAGE_STANDARD = "gnu++20";
				CLANG_ENABLE_MODULES = YES;
				CLANG_ENABLE_OBJC_ARC = YES;
				CLANG_ENABLE_OBJC_WEAK = YES;
				CLANG_WARN_BLOCK_CAPTURE_AUTORELEASING = YES;
				CLANG_WARN_BOOL_CONVERSION = YES;
				CLANG_WARN_COMMA = YES;
				CLANG_WARN_CONSTANT_CONVERSION = YES;
				CLANG_WARN_DEPRECATED_OBJC_IMPLEMENTATIONS = YES;
				CLANG_WARN_DIRECT_OBJC_ISA_USAGE = YES_ERROR;
				CLANG_WARN_DOCUMENTATION_COMMENTS = YES;
				CLANG_WARN_EMPTY_BODY = YES;
				CLANG_WARN_ENUM_CONVERSION = YES;
				CLANG_WARN_INFINITE_RECURSION = YES;
				CLANG_WARN_INT_CONVERSION = YES;
				CLANG_WARN_NON_LITERAL_NULL_CONVERSION = YES;
				CLANG_WARN_OBJC_IMPLICIT_RETAIN_SELF = YES;
				CLANG_WARN_OBJC_LITERAL_CONVERSION = YES;
				CLANG_WARN_OBJC_ROOT_CLASS = YES_ERROR;
				CLANG_WARN_QUOTED_INCLUDE_IN_FRAMEWORK_HEADER = YES;
				CLANG_WARN_RANGE_LOOP_ANALYSIS = YES;
				CLANG_WARN_STRICT_PROTOTYPES = YES;
				CLANG_WARN_SUSPICIOUS_MOVE = YES;
				CLANG_WARN_UNGUARDED_AVAILABILITY = YES_AGGRESSIVE;
				CLANG_WARN_UNREACHABLE_CODE = YES;
				CLANG_WARN__DUPLICATE_METHOD_MATCH = YES;
				COPY_PHASE_STRIP = NO;
				DEBUG_INFORMATION_FORMAT = dwarf;
				ENABLE_STRICT_OBJC_MSGSEND = YES;
				ENABLE_TESTABILITY = YES;
				ENABLE_USER_SCRIPT_SANDBOXING = YES;
				GCC_C_LANGUAGE_STANDARD = gnu17;
				GCC_DYNAMIC_NO_PIC = NO;
				GCC_NO_COMMON_BLOCKS = YES;
				GCC_OPTIMIZATION_LEVEL = 0;
				GCC_PREPROCESSOR_DEFINITIONS = (
					"DEBUG=1",
					"$(inherited)",
				);
				GCC_WARN_64_TO_32_BIT_CONVERSION = YES;
				GCC_WARN_ABOUT_RETURN_TYPE = YES_ERROR;
				GCC_WARN_UNDECLARED_SELECTOR = YES;
				GCC_WARN_UNINITIALIZED_AUTOS = YES_AGGRESSIVE;
				GCC_WARN_UNUSED_FUNCTION = YES;
				GCC_WARN_UNUSED_VARIABLE = YES;
				IPHONEOS_DEPLOYMENT_TARGET = 17.0;
				LOCALIZATION_PREFERS_STRING_CATALOGS = YES;
				MTL_ENABLE_DEBUG_INFO = INCLUDE_SOURCE;
				MTL_FAST_MATH = YES;
				ONLY_ACTIVE_ARCH = YES;
				SDKROOT = iphoneos;
				SWIFT_ACTIVE_COMPILATION_CONDITIONS = "DEBUG $(inherited)";
				SWIFT_OPTIMIZATION_LEVEL = "-Onone";
			};
			name = Debug;
		};
		3CD8D6C32C07209C0092D373 /* Release */ = {
			isa = XCBuildConfiguration;
			buildSettings = {
				ALWAYS_SEARCH_USER_PATHS = NO;
				ASSETCATALOG_COMPILER_GENERATE_SWIFT_ASSET_SYMBOL_EXTENSIONS = YES;
				CLANG_ANALYZER_NONNULL = YES;
				CLANG_ANALYZER_NUMBER_OBJECT_CONVERSION = YES_AGGRESSIVE;
				CLANG_CXX_LANGUAGE_STANDARD = "gnu++20";
				CLANG_ENABLE_MODULES = YES;
				CLANG_ENABLE_OBJC_ARC = YES;
				CLANG_ENABLE_OBJC_WEAK = YES;
				CLANG_WARN_BLOCK_CAPTURE_AUTORELEASING = YES;
				CLANG_WARN_BOOL_CONVERSION = YES;
				CLANG_WARN_COMMA = YES;
				CLANG_WARN_CONSTANT_CONVERSION = YES;
				CLANG_WARN_DEPRECATED_OBJC_IMPLEMENTATIONS = YES;
				CLANG_WARN_DIRECT_OBJC_ISA_USAGE = YES_ERROR;
				CLANG_WARN_DOCUMENTATION_COMMENTS = YES;
				CLANG_WARN_EMPTY_BODY = YES;
				CLANG_WARN_ENUM_CONVERSION = YES;
				CLANG_WARN_INFINITE_RECURSION = YES;
				CLANG_WARN_INT_CONVERSION = YES;
				CLANG_WARN_NON_LITERAL_NULL_CONVERSION = YES;
				CLANG_WARN_OBJC_IMPLICIT_RETAIN_SELF = YES;
				CLANG_WARN_OBJC_LITERAL_CONVERSION = YES;
				CLANG_WARN_OBJC_ROOT_CLASS = YES_ERROR;
				CLANG_WARN_QUOTED_INCLUDE_IN_FRAMEWORK_HEADER = YES;
				CLANG_WARN_RANGE_LOOP_ANALYSIS = YES;
				CLANG_WARN_STRICT_PROTOTYPES = YES;
				CLANG_WARN_SUSPICIOUS_MOVE = YES;
				CLANG_WARN_UNGUARDED_AVAILABILITY = YES_AGGRESSIVE;
				CLANG_WARN_UNREACHABLE_CODE = YES;
				CLANG_WARN__DUPLICATE_METHOD_MATCH = YES;
				COPY_PHASE_STRIP = NO;
				DEBUG_INFORMATION_FORMAT = "dwarf-with-dsym";
				ENABLE_NS_ASSERTIONS = NO;
				ENABLE_STRICT_OBJC_MSGSEND = YES;
				ENABLE_USER_SCRIPT_SANDBOXING = YES;
				GCC_C_LANGUAGE_STANDARD = gnu17;
				GCC_NO_COMMON_BLOCKS = YES;
				GCC_WARN_64_TO_32_BIT_CONVERSION = YES;
				GCC_WARN_ABOUT_RETURN_TYPE = YES_ERROR;
				GCC_WARN_UNDECLARED_SELECTOR = YES;
				GCC_WARN_UNINITIALIZED_AUTOS = YES_AGGRESSIVE;
				GCC_WARN_UNUSED_FUNCTION = YES;
				GCC_WARN_UNUSED_VARIABLE = YES;
				IPHONEOS_DEPLOYMENT_TARGET = 17.0;
				LOCALIZATION_PREFERS_STRING_CATALOGS = YES;
				MTL_ENABLE_DEBUG_INFO = NO;
				MTL_FAST_MATH = YES;
				SDKROOT = iphoneos;
				SWIFT_COMPILATION_MODE = wholemodule;
				VALIDATE_PRODUCT = YES;
			};
			name = Release;
		};
		3CD8D6C52C07209C0092D373 /* Debug */ = {
			isa = XCBuildConfiguration;
			buildSettings = {
				ASSETCATALOG_COMPILER_APPICON_NAME = AppIcon;
				ASSETCATALOG_COMPILER_GLOBAL_ACCENT_COLOR_NAME = AccentColor;
				CODE_SIGN_STYLE = Automatic;
				CURRENT_PROJECT_VERSION = 1;
				DEVELOPMENT_ASSET_PATHS = "\"SurveyApp/Preview Content\"";
				ENABLE_PREVIEWS = YES;
				GENERATE_INFOPLIST_FILE = YES;
				INFOPLIST_KEY_UIApplicationSceneManifest_Generation = YES;
				INFOPLIST_KEY_UIApplicationSupportsIndirectInputEvents = YES;
				INFOPLIST_KEY_UILaunchScreen_Generation = YES;
				INFOPLIST_KEY_UISupportedInterfaceOrientations_iPad = "UIInterfaceOrientationPortrait UIInterfaceOrientationPortraitUpsideDown UIInterfaceOrientationLandscapeLeft UIInterfaceOrientationLandscapeRight";
				INFOPLIST_KEY_UISupportedInterfaceOrientations_iPhone = "UIInterfaceOrientationPortrait UIInterfaceOrientationLandscapeLeft UIInterfaceOrientationLandscapeRight";
				IPHONEOS_DEPLOYMENT_TARGET = 17.0;
				LD_RUNPATH_SEARCH_PATHS = (
					"$(inherited)",
					"@executable_path/Frameworks",
				);
				MARKETING_VERSION = 1.0;
				PRODUCT_BUNDLE_IDENTIFIER = com.SurveyApp;
				PRODUCT_NAME = "$(TARGET_NAME)";
				SWIFT_EMIT_LOC_STRINGS = YES;
				SWIFT_VERSION = 5.0;
				TARGETED_DEVICE_FAMILY = "1,2";
			};
			name = Debug;
		};
		3CD8D6C62C07209C0092D373 /* Release */ = {
			isa = XCBuildConfiguration;
			buildSettings = {
				ASSETCATALOG_COMPILER_APPICON_NAME = AppIcon;
				ASSETCATALOG_COMPILER_GLOBAL_ACCENT_COLOR_NAME = AccentColor;
				CODE_SIGN_STYLE = Automatic;
				CURRENT_PROJECT_VERSION = 1;
				DEVELOPMENT_ASSET_PATHS = "\"SurveyApp/Preview Content\"";
				ENABLE_PREVIEWS = YES;
				GENERATE_INFOPLIST_FILE = YES;
				INFOPLIST_KEY_UIApplicationSceneManifest_Generation = YES;
				INFOPLIST_KEY_UIApplicationSupportsIndirectInputEvents = YES;
				INFOPLIST_KEY_UILaunchScreen_Generation = YES;
				INFOPLIST_KEY_UISupportedInterfaceOrientations_iPad = "UIInterfaceOrientationPortrait UIInterfaceOrientationPortraitUpsideDown UIInterfaceOrientationLandscapeLeft UIInterfaceOrientationLandscapeRight";
				INFOPLIST_KEY_UISupportedInterfaceOrientations_iPhone = "UIInterfaceOrientationPortrait UIInterfaceOrientationLandscapeLeft UIInterfaceOrientationLandscapeRight";
				IPHONEOS_DEPLOYMENT_TARGET = 17.0;
				LD_RUNPATH_SEARCH_PATHS = (
					"$(inherited)",
					"@executable_path/Frameworks",
				);
				MARKETING_VERSION = 1.0;
				PRODUCT_BUNDLE_IDENTIFIER = com.SurveyApp;
				PRODUCT_NAME = "$(TARGET_NAME)";
				SWIFT_EMIT_LOC_STRINGS = YES;
				SWIFT_VERSION = 5.0;
				TARGETED_DEVICE_FAMILY = "1,2";
			};
			name = Release;
		};
		3CD8D6C82C07209C0092D373 /* Debug */ = {
			isa = XCBuildConfiguration;
			buildSettings = {
				ALWAYS_EMBED_SWIFT_STANDARD_LIBRARIES = YES;
				BUNDLE_LOADER = "$(TEST_HOST)";
				CODE_SIGN_STYLE = Automatic;
				CURRENT_PROJECT_VERSION = 1;
				GENERATE_INFOPLIST_FILE = YES;
				IPHONEOS_DEPLOYMENT_TARGET = 17.0;
				MARKETING_VERSION = 1.0;
				PRODUCT_BUNDLE_IDENTIFIER = com.SurveyAppTests;
				PRODUCT_NAME = "$(TARGET_NAME)";
				SWIFT_EMIT_LOC_STRINGS = NO;
				SWIFT_VERSION = 5.0;
				TARGETED_DEVICE_FAMILY = "1,2";
				TEST_HOST = "$(BUILT_PRODUCTS_DIR)/SurveyApp.app/$(BUNDLE_EXECUTABLE_FOLDER_PATH)/SurveyApp";
			};
			name = Debug;
		};
		3CD8D6C92C07209C0092D373 /* Release */ = {
			isa = XCBuildConfiguration;
			buildSettings = {
				ALWAYS_EMBED_SWIFT_STANDARD_LIBRARIES = YES;
				BUNDLE_LOADER = "$(TEST_HOST)";
				CODE_SIGN_STYLE = Automatic;
				CURRENT_PROJECT_VERSION = 1;
				GENERATE_INFOPLIST_FILE = YES;
				IPHONEOS_DEPLOYMENT_TARGET = 17.0;
				MARKETING_VERSION = 1.0;
				PRODUCT_BUNDLE_IDENTIFIER = com.SurveyAppTests;
				PRODUCT_NAME = "$(TARGET_NAME)";
				SWIFT_EMIT_LOC_STRINGS = NO;
				SWIFT_VERSION = 5.0;
				TARGETED_DEVICE_FAMILY = "1,2";
				TEST_HOST = "$(BUILT_PRODUCTS_DIR)/SurveyApp.app/$(BUNDLE_EXECUTABLE_FOLDER_PATH)/SurveyApp";
			};
			name = Release;
		};
/* End XCBuildConfiguration section */

/* Begin XCConfigurationList section */
		3CD8D69B2C07209A0092D373 /* Build configuration list for PBXProject "SurveyApp" */ = {
			isa = XCConfigurationList;
			buildConfigurations = (
				3CD8D6C22C07209C0092D373 /* Debug */,
				3CD8D6C32C07209C0092D373 /* Release */,
			);
			defaultConfigurationIsVisible = 0;
			defaultConfigurationName = Release;
		};
		3CD8D6C42C07209C0092D373 /* Build configuration list for PBXNativeTarget "SurveyApp" */ = {
			isa = XCConfigurationList;
			buildConfigurations = (
				3CD8D6C52C07209C0092D373 /* Debug */,
				3CD8D6C62C07209C0092D373 /* Release */,
			);
			defaultConfigurationIsVisible = 0;
			defaultConfigurationName = Release;
		};
		3CD8D6C72C07209C0092D373 /* Build configuration list for PBXNativeTarget "SurveyAppTests" */ = {
			isa = XCConfigurationList;
			buildConfigurations = (
				3CD8D6C82C07209C0092D373 /* Debug */,
				3CD8D6C92C07209C0092D373 /* Release */,
			);
			defaultConfigurationIsVisible = 0;
			defaultConfigurationName = Release;
		};
/* End XCConfigurationList section */

/* Begin XCRemoteSwiftPackageReference section */
		3C877DBD2C077D04001B80B0 /* XCRemoteSwiftPackageReference "swift-composable-architecture" */ = {
			isa = XCRemoteSwiftPackageReference;
			repositoryURL = "https://github.com/pointfreeco/swift-composable-architecture";
			requirement = {
				kind = upToNextMajorVersion;
				minimumVersion = 1.10.4;
			};
		};
		3CA54D762C08B68A00E2503F /* XCRemoteSwiftPackageReference "GMSNetworkLayer" */ = {
			isa = XCRemoteSwiftPackageReference;
			repositoryURL = "https://github.com/GabrielSilveiraa/GMSNetworkLayer";
			requirement = {
				kind = upToNextMajorVersion;
				minimumVersion = 1.4.0;
			};
		};
		3CD8D6CD2C0735230092D373 /* XCRemoteSwiftPackageReference "swiftui-preview-snapshots" */ = {
			isa = XCRemoteSwiftPackageReference;
			repositoryURL = "https://github.com/doordash-oss/swiftui-preview-snapshots";
			requirement = {
				branch = main;
				kind = branch;
			};
		};
		3CD8D6E02C073B2A0092D373 /* XCRemoteSwiftPackageReference "Quick" */ = {
			isa = XCRemoteSwiftPackageReference;
			repositoryURL = "https://github.com/Quick/Quick";
			requirement = {
				branch = main;
				kind = branch;
			};
		};
		3CDF631B2C08BA8D00EC44EE /* XCRemoteSwiftPackageReference "Nimble" */ = {
			isa = XCRemoteSwiftPackageReference;
			repositoryURL = "https://github.com/Quick/Nimble";
			requirement = {
				branch = main;
				kind = branch;
			};
		};
/* End XCRemoteSwiftPackageReference section */

/* Begin XCSwiftPackageProductDependency section */
		3C877DBE2C077D04001B80B0 /* ComposableArchitecture */ = {
			isa = XCSwiftPackageProductDependency;
			package = 3C877DBD2C077D04001B80B0 /* XCRemoteSwiftPackageReference "swift-composable-architecture" */;
			productName = ComposableArchitecture;
		};
		3CA54D772C08B68A00E2503F /* GMSNewtorkLayer */ = {
			isa = XCSwiftPackageProductDependency;
			package = 3CA54D762C08B68A00E2503F /* XCRemoteSwiftPackageReference "GMSNetworkLayer" */;
			productName = GMSNewtorkLayer;
		};
		3CD8D6CE2C0735230092D373 /* PreviewSnapshots */ = {
			isa = XCSwiftPackageProductDependency;
			package = 3CD8D6CD2C0735230092D373 /* XCRemoteSwiftPackageReference "swiftui-preview-snapshots" */;
			productName = PreviewSnapshots;
		};
		3CD8D6D02C0735230092D373 /* PreviewSnapshotsTesting */ = {
			isa = XCSwiftPackageProductDependency;
			package = 3CD8D6CD2C0735230092D373 /* XCRemoteSwiftPackageReference "swiftui-preview-snapshots" */;
			productName = PreviewSnapshotsTesting;
		};
		3CD8D6E12C073B2A0092D373 /* Quick */ = {
			isa = XCSwiftPackageProductDependency;
			package = 3CD8D6E02C073B2A0092D373 /* XCRemoteSwiftPackageReference "Quick" */;
			productName = Quick;
		};
		3CDA07EE2C0880C0009F333A /* GMSNewtorkLayer */ = {
			isa = XCSwiftPackageProductDependency;
			productName = GMSNewtorkLayer;
		};
		3CDF631C2C08BA8D00EC44EE /* Nimble */ = {
			isa = XCSwiftPackageProductDependency;
			package = 3CDF631B2C08BA8D00EC44EE /* XCRemoteSwiftPackageReference "Nimble" */;
			productName = Nimble;
		};
/* End XCSwiftPackageProductDependency section */
	};
	rootObject = 3CD8D6982C07209A0092D373 /* Project object */;
}
